
Microsoft Visual Studio Solution File, Format Version 12.00
# Visual Studio Version 17
VisualStudioVersion = 17.5.002.0
MinimumVisualStudioVersion = 10.0.40219.1
Project("{2150E333-8FDC-42A3-9474-1A3956D46DE8}") = "src", "src", "{E00C47BA-3F9B-4B08-9FA9-151F99200555}"
EndProject
Project("{9A19103F-16F7-4668-BE54-9A1E7A4F7556}") = "NftSample.Api", "src\NftSample.Api\NftSample.Api.csproj", "{293DCB00-CDFF-4E82-B3EE-3FAADE363547}"
EndProject
Project("{FAE04EC0-301F-11D3-BF4B-00C04F79EFBC}") = "NftSample.Client", "src\NftSample.Client\NftSample.Client.csproj", "{AF0F95E2-22ED-4369-9F74-C5872B17A53F}"
EndProject
Project("{FAE04EC0-301F-11D3-BF4B-00C04F79EFBC}") = "NftSample.Business", "src\NftSample.Business\NftSample.Business.csproj", "{BD5C9E40-CD09-4EA7-A089-24F8463FB385}"
EndProject
Project("{FAE04EC0-301F-11D3-BF4B-00C04F79EFBC}") = "NftSample.Dal", "src\NftSample.Dal\NftSample.Dal.csproj", "{D9C61A05-C6A8-495D-9DFB-53072D3DEA0A}"
EndProject
Project("{2150E333-8FDC-42A3-9474-1A3956D46DE8}") = "test", "test", "{0D7A2A13-C1C8-4D5F-96DF-5E3EE557E9F9}"
EndProject
Project("{FAE04EC0-301F-11D3-BF4B-00C04F79EFBC}") = "NftSample.UnitTests", "test\NftSample.UnitTests\NftSample.UnitTests.csproj", "{EF789C39-C1BE-4576-B731-6FE315BBB641}"
EndProject
Project("{FAE04EC0-301F-11D3-BF4B-00C04F79EFBC}") = "NftSample.Dtos", "src\NftSample.Dtos\NftSample.Dtos.csproj", "{8D4849D4-A030-4664-86D1-C7069F16FA8B}"
EndProject
Project("{FAE04EC0-301F-11D3-BF4B-00C04F79EFBC}") = "NftSample.Entities", "src\NftSample.Entities\NftSample.Entities.csproj", "{50C531E6-3F8B-4582-AEAD-4D6A93829B55}"
EndProject
Project("{FAE04EC0-301F-11D3-BF4B-00C04F79EFBC}") = "NftSample", "src\NftSample\NftSample.csproj", "{90D2744F-4044-4441-AE73-819248B1DADC}"
EndProject
Project("{FAE04EC0-301F-11D3-BF4B-00C04F79EFBC}") = "NftSample.IntegrationTests", "test\NftSample.IntegrationTests\NftSample.IntegrationTests.csproj", "{57E2041E-6CA6-475D-AAD9-0B3C2D2666C8}"
EndProject
Project("{FAE04EC0-301F-11D3-BF4B-00C04F79EFBC}") = "NftSample.Infraestructure", "src\NftSample.Infraestructure\NftSample.Infraestructure.csproj", "{C1100120-093C-4736-BB7D-B2AE2E579889}"
EndProject
Project("{2150E333-8FDC-42A3-9474-1A3956D46DE8}") = "0. Domain", "0. Domain", "{C3799631-C515-4136-9AA4-DC3C5C37895F}"
EndProject
Project("{2150E333-8FDC-42A3-9474-1A3956D46DE8}") = "1. Application", "1. Application", "{C4E2503D-7C2F-4074-A24D-CCFC179E2722}"
EndProject
Project("{2150E333-8FDC-42A3-9474-1A3956D46DE8}") = "3. Presentation", "3. Presentation", "{CD55FA03-7A55-4BE1-94A7-E38F3BCC3137}"
EndProject
Project("{2150E333-8FDC-42A3-9474-1A3956D46DE8}") = "2. Infrastructure", "2. Infrastructure", "{89A20E7A-E721-4FC8-8E2C-5339E5D03F35}"
EndProject
Project("{FAE04EC0-301F-11D3-BF4B-00C04F79EFBC}") = "NftSample.Domain", "src\NftSample.Domain\NftSample.Domain.csproj", "{BAB040EC-4EC0-4270-BC9C-75F9B5C9E096}"
EndProject
Project("{FAE04EC0-301F-11D3-BF4B-00C04F79EFBC}") = "NftSample.Application", "src\NftSample.Application\NftSample.Application.csproj", "{40FC220F-9358-4F25-8FB4-918AF2ED6C94}"
EndProject
Global
	GlobalSection(SolutionConfigurationPlatforms) = preSolution
		Debug|Any CPU = Debug|Any CPU
		Release|Any CPU = Release|Any CPU
	EndGlobalSection
	GlobalSection(ProjectConfigurationPlatforms) = postSolution
		{293DCB00-CDFF-4E82-B3EE-3FAADE363547}.Debug|Any CPU.ActiveCfg = Debug|Any CPU
		{293DCB00-CDFF-4E82-B3EE-3FAADE363547}.Debug|Any CPU.Build.0 = Debug|Any CPU
		{293DCB00-CDFF-4E82-B3EE-3FAADE363547}.Release|Any CPU.ActiveCfg = Release|Any CPU
		{293DCB00-CDFF-4E82-B3EE-3FAADE363547}.Release|Any CPU.Build.0 = Release|Any CPU
		{AF0F95E2-22ED-4369-9F74-C5872B17A53F}.Debug|Any CPU.ActiveCfg = Debug|Any CPU
		{AF0F95E2-22ED-4369-9F74-C5872B17A53F}.Debug|Any CPU.Build.0 = Debug|Any CPU
		{AF0F95E2-22ED-4369-9F74-C5872B17A53F}.Release|Any CPU.ActiveCfg = Release|Any CPU
		{AF0F95E2-22ED-4369-9F74-C5872B17A53F}.Release|Any CPU.Build.0 = Release|Any CPU
		{BD5C9E40-CD09-4EA7-A089-24F8463FB385}.Debug|Any CPU.ActiveCfg = Debug|Any CPU
		{BD5C9E40-CD09-4EA7-A089-24F8463FB385}.Debug|Any CPU.Build.0 = Debug|Any CPU
		{BD5C9E40-CD09-4EA7-A089-24F8463FB385}.Release|Any CPU.ActiveCfg = Release|Any CPU
		{BD5C9E40-CD09-4EA7-A089-24F8463FB385}.Release|Any CPU.Build.0 = Release|Any CPU
		{D9C61A05-C6A8-495D-9DFB-53072D3DEA0A}.Debug|Any CPU.ActiveCfg = Debug|Any CPU
		{D9C61A05-C6A8-495D-9DFB-53072D3DEA0A}.Debug|Any CPU.Build.0 = Debug|Any CPU
		{D9C61A05-C6A8-495D-9DFB-53072D3DEA0A}.Release|Any CPU.ActiveCfg = Release|Any CPU
		{D9C61A05-C6A8-495D-9DFB-53072D3DEA0A}.Release|Any CPU.Build.0 = Release|Any CPU
		{EF789C39-C1BE-4576-B731-6FE315BBB641}.Debug|Any CPU.ActiveCfg = Debug|Any CPU
		{EF789C39-C1BE-4576-B731-6FE315BBB641}.Debug|Any CPU.Build.0 = Debug|Any CPU
		{EF789C39-C1BE-4576-B731-6FE315BBB641}.Release|Any CPU.ActiveCfg = Release|Any CPU
		{EF789C39-C1BE-4576-B731-6FE315BBB641}.Release|Any CPU.Build.0 = Release|Any CPU
		{8D4849D4-A030-4664-86D1-C7069F16FA8B}.Debug|Any CPU.ActiveCfg = Debug|Any CPU
		{8D4849D4-A030-4664-86D1-C7069F16FA8B}.Debug|Any CPU.Build.0 = Debug|Any CPU
		{8D4849D4-A030-4664-86D1-C7069F16FA8B}.Release|Any CPU.ActiveCfg = Release|Any CPU
		{8D4849D4-A030-4664-86D1-C7069F16FA8B}.Release|Any CPU.Build.0 = Release|Any CPU
		{50C531E6-3F8B-4582-AEAD-4D6A93829B55}.Debug|Any CPU.ActiveCfg = Debug|Any CPU
		{50C531E6-3F8B-4582-AEAD-4D6A93829B55}.Debug|Any CPU.Build.0 = Debug|Any CPU
		{50C531E6-3F8B-4582-AEAD-4D6A93829B55}.Release|Any CPU.ActiveCfg = Release|Any CPU
		{50C531E6-3F8B-4582-AEAD-4D6A93829B55}.Release|Any CPU.Build.0 = Release|Any CPU
		{90D2744F-4044-4441-AE73-819248B1DADC}.Debug|Any CPU.ActiveCfg = Debug|Any CPU
		{90D2744F-4044-4441-AE73-819248B1DADC}.Debug|Any CPU.Build.0 = Debug|Any CPU
		{90D2744F-4044-4441-AE73-819248B1DADC}.Release|Any CPU.ActiveCfg = Release|Any CPU
		{90D2744F-4044-4441-AE73-819248B1DADC}.Release|Any CPU.Build.0 = Release|Any CPU
		{57E2041E-6CA6-475D-AAD9-0B3C2D2666C8}.Debug|Any CPU.ActiveCfg = Debug|Any CPU
		{57E2041E-6CA6-475D-AAD9-0B3C2D2666C8}.Debug|Any CPU.Build.0 = Debug|Any CPU
		{57E2041E-6CA6-475D-AAD9-0B3C2D2666C8}.Release|Any CPU.ActiveCfg = Release|Any CPU
		{57E2041E-6CA6-475D-AAD9-0B3C2D2666C8}.Release|Any CPU.Build.0 = Release|Any CPU
		{C1100120-093C-4736-BB7D-B2AE2E579889}.Debug|Any CPU.ActiveCfg = Debug|Any CPU
		{C1100120-093C-4736-BB7D-B2AE2E579889}.Debug|Any CPU.Build.0 = Debug|Any CPU
		{C1100120-093C-4736-BB7D-B2AE2E579889}.Release|Any CPU.ActiveCfg = Release|Any CPU
		{C1100120-093C-4736-BB7D-B2AE2E579889}.Release|Any CPU.Build.0 = Release|Any CPU
		{BAB040EC-4EC0-4270-BC9C-75F9B5C9E096}.Debug|Any CPU.ActiveCfg = Debug|Any CPU
		{BAB040EC-4EC0-4270-BC9C-75F9B5C9E096}.Debug|Any CPU.Build.0 = Debug|Any CPU
		{BAB040EC-4EC0-4270-BC9C-75F9B5C9E096}.Release|Any CPU.ActiveCfg = Release|Any CPU
		{BAB040EC-4EC0-4270-BC9C-75F9B5C9E096}.Release|Any CPU.Build.0 = Release|Any CPU
		{40FC220F-9358-4F25-8FB4-918AF2ED6C94}.Debug|Any CPU.ActiveCfg = Debug|Any CPU
		{40FC220F-9358-4F25-8FB4-918AF2ED6C94}.Debug|Any CPU.Build.0 = Debug|Any CPU
		{40FC220F-9358-4F25-8FB4-918AF2ED6C94}.Release|Any CPU.ActiveCfg = Release|Any CPU
		{40FC220F-9358-4F25-8FB4-918AF2ED6C94}.Release|Any CPU.Build.0 = Release|Any CPU
	EndGlobalSection
	GlobalSection(SolutionProperties) = preSolution
		HideSolutionNode = FALSE
	EndGlobalSection
	GlobalSection(NestedProjects) = preSolution
		{293DCB00-CDFF-4E82-B3EE-3FAADE363547} = {CD55FA03-7A55-4BE1-94A7-E38F3BCC3137}
		{AF0F95E2-22ED-4369-9F74-C5872B17A53F} = {E00C47BA-3F9B-4B08-9FA9-151F99200555}
		{BD5C9E40-CD09-4EA7-A089-24F8463FB385} = {C4E2503D-7C2F-4074-A24D-CCFC179E2722}
		{D9C61A05-C6A8-495D-9DFB-53072D3DEA0A} = {89A20E7A-E721-4FC8-8E2C-5339E5D03F35}
		{EF789C39-C1BE-4576-B731-6FE315BBB641} = {0D7A2A13-C1C8-4D5F-96DF-5E3EE557E9F9}
		{8D4849D4-A030-4664-86D1-C7069F16FA8B} = {CD55FA03-7A55-4BE1-94A7-E38F3BCC3137}
		{50C531E6-3F8B-4582-AEAD-4D6A93829B55} = {C3799631-C515-4136-9AA4-DC3C5C37895F}
		{90D2744F-4044-4441-AE73-819248B1DADC} = {E00C47BA-3F9B-4B08-9FA9-151F99200555}
		{57E2041E-6CA6-475D-AAD9-0B3C2D2666C8} = {0D7A2A13-C1C8-4D5F-96DF-5E3EE557E9F9}
		{C1100120-093C-4736-BB7D-B2AE2E579889} = {89A20E7A-E721-4FC8-8E2C-5339E5D03F35}
		{C3799631-C515-4136-9AA4-DC3C5C37895F} = {E00C47BA-3F9B-4B08-9FA9-151F99200555}
		{C4E2503D-7C2F-4074-A24D-CCFC179E2722} = {E00C47BA-3F9B-4B08-9FA9-151F99200555}
		{CD55FA03-7A55-4BE1-94A7-E38F3BCC3137} = {E00C47BA-3F9B-4B08-9FA9-151F99200555}
		{89A20E7A-E721-4FC8-8E2C-5339E5D03F35} = {E00C47BA-3F9B-4B08-9FA9-151F99200555}
		{BAB040EC-4EC0-4270-BC9C-75F9B5C9E096} = {C3799631-C515-4136-9AA4-DC3C5C37895F}
		{40FC220F-9358-4F25-8FB4-918AF2ED6C94} = {C4E2503D-7C2F-4074-A24D-CCFC179E2722}
	EndGlobalSection
	GlobalSection(ExtensibilityGlobals) = postSolution
		SolutionGuid = {1E382AF1-FD3A-44F4-B956-7AEC5183E1D6}
	EndGlobalSection
EndGlobal
